
Microsoft Visual Studio Solution File, Format Version 12.00
# Visual Studio Version 17
VisualStudioVersion = 17.11.35303.130
MinimumVisualStudioVersion = 10.0.40219.1
Project("{FAE04EC0-301F-11D3-BF4B-00C04F79EFBC}") = "Authentication", "Authentication.csproj", "{FC5CF918-AD6B-45F1-A3D0-C6F847762021}"
EndProject
Global
	GlobalSection(SolutionConfigurationPlatforms) = preSolution
		Debug|Any CPU = Debug|Any CPU
		Release|Any CPU = Release|Any CPU
	EndGlobalSection
	GlobalSection(ProjectConfigurationPlatforms) = postSolution
		{FC5CF918-AD6B-45F1-A3D0-C6F847762021}.Debug|Any CPU.ActiveCfg = Debug|Any CPU
		{FC5CF918-AD6B-45F1-A3D0-C6F847762021}.Debug|Any CPU.Build.0 = Debug|Any CPU
		{FC5CF918-AD6B-45F1-A3D0-C6F847762021}.Release|Any CPU.ActiveCfg = Release|Any CPU
		{FC5CF918-AD6B-45F1-A3D0-C6F847762021}.Release|Any CPU.Build.0 = Release|Any CPU
	EndGlobalSection
	GlobalSection(SolutionProperties) = preSolution
		HideSolutionNode = FALSE
	EndGlobalSection
	GlobalSection(ExtensibilityGlobals) = postSolution
		SolutionGuid = {BC0D4F34-70CC-4AE6-8C06-F108ED62100E}
	EndGlobalSection
EndGlobal
